
Microsoft Visual Studio Solution File, Format Version 12.00
# Visual Studio Version 17
VisualStudioVersion = 17.11.35312.102
MinimumVisualStudioVersion = 10.0.40219.1
Project("{FAE04EC0-301F-11D3-BF4B-00C04F79EFBC}") = "Employee", "Employee.csproj", "{C6FDCE34-5F79-471F-81ED-42EE530D2635}"
EndProject
Global
	GlobalSection(SolutionConfigurationPlatforms) = preSolution
		Debug|Any CPU = Debug|Any CPU
		Release|Any CPU = Release|Any CPU
	EndGlobalSection
	GlobalSection(ProjectConfigurationPlatforms) = postSolution
		{C6FDCE34-5F79-471F-81ED-42EE530D2635}.Debug|Any CPU.ActiveCfg = Debug|Any CPU
		{C6FDCE34-5F79-471F-81ED-42EE530D2635}.Debug|Any CPU.Build.0 = Debug|Any CPU
		{C6FDCE34-5F79-471F-81ED-42EE530D2635}.Release|Any CPU.ActiveCfg = Release|Any CPU
		{C6FDCE34-5F79-471F-81ED-42EE530D2635}.Release|Any CPU.Build.0 = Release|Any CPU
	EndGlobalSection
	GlobalSection(SolutionProperties) = preSolution
		HideSolutionNode = FALSE
	EndGlobalSection
	GlobalSection(ExtensibilityGlobals) = postSolution
		SolutionGuid = {6F44194D-2015-45E6-BA1C-0FF5A83DC713}
	EndGlobalSection
EndGlobal
